{
  "originHash" : "be7706f33fa06e2cd00a744672c6d29b9aba6754b2469a8cbf555f72ddc8ec50",
  "pins" : [
    {
      "identity" : "activityindicatorview",
      "kind" : "remoteSourceControl",
      "location" : "https://github.com/exyte/ActivityIndicatorView",
      "state" : {
        "revision" : "36140867802ae4a1d2b11490bcbbefe058001d14",
        "version" : "1.2.1"
      }
    },
    {
      "identity" : "asyncswiftconnect",
      "kind" : "remoteSourceControl",
      "location" : "https://github.com/sk-chanch/AsyncSwiftConnect",
      "state" : {
        "revision" : "0955c6d67ff8d99e8f91f02118176c9005c0cbf5",
        "version" : "1.2.0"
      }
    },
    {
      "identity" : "bottomsheet",
      "kind" : "remoteSourceControl",
      "location" : "https://github.com/lucaszischka/BottomSheet",
      "state" : {
        "revision" : "720ddbd1371fef2a09cc1ab65fc503df37767f9c",
        "version" : "3.1.1"
      }
    },
    {
      "identity" : "clientsecurityv4package",
      "kind" : "remoteSourceControl",
      "location" : "https://github.com/sk-chanch/ClientSecurityV4Package.git",
      "state" : {
        "revision" : "592daa0c0a9159edd6afad48c1b139058ef74896",
        "version" : "2.3.0"
      }
    },
    {
      "identity" : "clusterkit",
      "kind" : "remoteSourceControl",
      "location" : "https://github.com/sk-chanch/ClusterKit",
      "state" : {
        "branch" : "Fix-Mapbox-SPM",
        "revision" : "d8c6882dd12b02faa302e40abe81a78134c9dbb8"
      }
    },
    {
      "identity" : "customizablesegmentedcontrol",
      "kind" : "remoteSourceControl",
      "location" : "https://github.com/Inxel/CustomizableSegmentedControl",
      "state" : {
        "revision" : "b3ee377a0a2026c562159f09f7416d7abd449366",
        "version" : "1.2.1"
      }
    },
    {
      "identity" : "facebook-ios-sdk",
      "kind" : "remoteSourceControl",
      "location" : "https://github.com/facebook/facebook-ios-sdk",
      "state" : {
        "revision" : "c19607d535864533523d1f437c84035e5fb101cf",
        "version" : "14.1.0"
      }
    },
    {
      "identity" : "kingfisher",
      "kind" : "remoteSourceControl",
      "location" : "https://github.com/onevcat/Kingfisher",
      "state" : {
        "revision" : "7deda23bbdca612076c5c315003d8638a08ed0f1",
        "version" : "8.3.2"
      }
    },
    {
      "identity" : "line-sdk-ios-swift",
      "kind" : "remoteSourceControl",
      "location" : "https://github.com/line/line-sdk-ios-swift",
      "state" : {
        "revision" : "a30eddfb106522576421675c4d458c98abf0e7d4",
        "version" : "5.12.0"
      }
    },
    {
      "identity" : "mapbox-directions-swift",
      "kind" : "remoteSourceControl",
      "location" : "https://github.com/sk-chanch/mapbox-directions-swift",
      "state" : {
        "branch" : "Jertam-Direction",
        "revision" : "483b09f1b7b8360887c8efb55f3234099b0786f8"
      }
    },
    {
      "identity" : "maplibre-gl-native-distribution",
      "kind" : "remoteSourceControl",
      "location" : "https://github.com/maplibre/maplibre-gl-native-distribution",
      "state" : {
        "revision" : "ffda61e298c1490d4860d5184e80d618aaadc089",
        "version" : "5.13.0"
      }
    },
    {
      "identity" : "navigation-stack-backport",
      "kind" : "remoteSourceControl",
      "location" : "https://github.com/lm/navigation-stack-backport",
      "state" : {
        "revision" : "55acfe7693c233ddc7f62f887f0df6ebd779ef01",
        "version" : "1.1.0"
      }
    },
    {
      "identity" : "polyline",
      "kind" : "remoteSourceControl",
      "location" : "https://github.com/raphaelmor/Polyline.git",
      "state" : {
        "revision" : "353f80378dcd8f17eefe8550090c6b1ae3c9da23",
        "version" : "5.1.0"
      }
    },
    {
      "identity" : "richtext",
      "kind" : "remoteSourceControl",
      "location" : "https://github.com/NuPlay/RichText",
      "state" : {
        "revision" : "3910393f3837a21fd2e414b758942ffd2d62aaa2",
        "version" : "2.5.0"
      }
    },
    {
      "identity" : "sidemenu",
      "kind" : "remoteSourceControl",
      "location" : "https://github.com/jonkykong/SideMenu.git",
      "state" : {
        "revision" : "8bd4fd128923cf5494fa726839af8afe12908ad9",
        "version" : "6.5.0"
      }
    },
    {
      "identity" : "sjsegmentedviewcontroller",
      "kind" : "remoteSourceControl",
      "location" : "https://github.com/sk-chanch/SJSegmentedViewController.git",
      "state" : {
        "revision" : "8422d221ad37fd80893eea2d56bd4ffede052492",
        "version" : "1.7.0"
      }
    },
    {
      "identity" : "swift-argument-parser",
      "kind" : "remoteSourceControl",
      "location" : "https://github.com/apple/swift-argument-parser",
      "state" : {
        "revision" : "41982a3656a71c768319979febd796c6fd111d5c",
        "version" : "1.5.0"
      }
    },
    {
      "identity" : "swift-log",
      "kind" : "remoteSourceControl",
      "location" : "https://github.com/apple/swift-log",
      "state" : {
        "revision" : "3d8596ed08bd13520157f0355e35caed215ffbfa",
        "version" : "1.6.3"
      }
    },
    {
      "identity" : "swifterswift",
      "kind" : "remoteSourceControl",
      "location" : "https://github.com/SwifterSwift/SwifterSwift",
      "state" : {
        "revision" : "5a6de915bb80234e1e31b3e3e5f7a7995fc1f4db",
        "version" : "7.0.0"
      }
    },
    {
      "identity" : "swiftfulloadingindicators",
      "kind" : "remoteSourceControl",
      "location" : "https://github.com/SwiftfulThinking/SwiftfulLoadingIndicators.git",
      "state" : {
        "revision" : "85858c0246dcd781228301f9928519f75ce89758",
        "version" : "0.0.4"
      }
    },
    {
      "identity" : "swiftmessages",
      "kind" : "remoteSourceControl",
      "location" : "https://github.com/SwiftKickMobile/SwiftMessages",
      "state" : {
        "revision" : "c544df6ce316422b9d65a571f932e800213dd09c",
        "version" : "10.0.1"
      }
    },
    {
      "identity" : "swiftui-introspect",
      "kind" : "remoteSourceControl",
      "location" : "https://github.com/siteline/swiftui-introspect",
      "state" : {
        "revision" : "807f73ce09a9b9723f12385e592b4e0aaebd3336",
        "version" : "1.3.0"
      }
    },
    {
      "identity" : "swiftuipager",
      "kind" : "remoteSourceControl",
      "location" : "https://github.com/fermoya/SwiftUIPager",
      "state" : {
        "revision" : "4ddc04c801aac143090bb14cf26603a3bf9c74cb",
        "version" : "2.5.0"
      }
    },
    {
      "identity" : "swiftysegmentedpicker",
      "kind" : "remoteSourceControl",
      "location" : "https://github.com/KazaiMazai/SwiftySegmentedPicker",
      "state" : {
        "revision" : "0da58354e23fff60b6ac8a0a5ac149d6fe376175",
        "version" : "0.0.4"
      }
    },
    {
      "identity" : "toast-swift",
      "kind" : "remoteSourceControl",
      "location" : "https://github.com/BastiaanJansen/toast-swift",
      "state" : {
        "revision" : "b8f0de845abca47eee747b6e671f1141ec4dcf3e",
        "version" : "2.1.3"
      }
    },
    {
      "identity" : "tocropviewcontroller",
      "kind" : "remoteSourceControl",
      "location" : "https://github.com/TimOliver/TOCropViewController.git",
      "state" : {
        "revision" : "a634cb7cdfd580006e79a6e74e64417fe9e9783b",
        "version" : "2.7.4"
      }
    },
    {
      "identity" : "turf-swift",
      "kind" : "remoteSourceControl",
      "location" : "https://github.com/mapbox/turf-swift.git",
      "state" : {
        "revision" : "213050191cfcb3d5aa76e1fa90c6ff1e182a42ca",
        "version" : "2.8.0"
      }
    }
  ],
  "version" : 3
}
